
Microsoft Visual Studio Solution File, Format Version 12.00
# Visual Studio 15
VisualStudioVersion = 15.0.26403.7
MinimumVisualStudioVersion = 10.0.40219.1
Project("{FAE04EC0-301F-11D3-BF4B-00C04F79EFBC}") = "MusicPlayerMethod", "MusicPlayerMethod\MusicPlayerMethod.csproj", "{9D91DC1B-D7E7-4303-9FE5-DE53984179AE}"
EndProject
Project("{FAE04EC0-301F-11D3-BF4B-00C04F79EFBC}") = "MusicPLayerStrategy", "MusicPLayerStrategy\MusicPLayerStrategy.csproj", "{48D6347F-8FAA-43AF-9C20-F2E3DA4491BD}"
EndProject
Global
	GlobalSection(SolutionConfigurationPlatforms) = preSolution
		Debug|Any CPU = Debug|Any CPU
		Release|Any CPU = Release|Any CPU
	EndGlobalSection
	GlobalSection(ProjectConfigurationPlatforms) = postSolution
		{9D91DC1B-D7E7-4303-9FE5-DE53984179AE}.Debug|Any CPU.ActiveCfg = Debug|Any CPU
		{9D91DC1B-D7E7-4303-9FE5-DE53984179AE}.Debug|Any CPU.Build.0 = Debug|Any CPU
		{9D91DC1B-D7E7-4303-9FE5-DE53984179AE}.Release|Any CPU.ActiveCfg = Release|Any CPU
		{9D91DC1B-D7E7-4303-9FE5-DE53984179AE}.Release|Any CPU.Build.0 = Release|Any CPU
		{48D6347F-8FAA-43AF-9C20-F2E3DA4491BD}.Debug|Any CPU.ActiveCfg = Debug|Any CPU
		{48D6347F-8FAA-43AF-9C20-F2E3DA4491BD}.Debug|Any CPU.Build.0 = Debug|Any CPU
		{48D6347F-8FAA-43AF-9C20-F2E3DA4491BD}.Release|Any CPU.ActiveCfg = Release|Any CPU
		{48D6347F-8FAA-43AF-9C20-F2E3DA4491BD}.Release|Any CPU.Build.0 = Release|Any CPU
	EndGlobalSection
	GlobalSection(SolutionProperties) = preSolution
		HideSolutionNode = FALSE
	EndGlobalSection
EndGlobal
